Microsoft Visual Studio Solution File, Format Version 11.00
# Visual Studio 2010
Project("{FAE04EC0-301F-11D3-BF4B-00C04F79EFBC}") = "Assembly-CSharp", "Assembly-CSharp.csproj", "{48AC30B6-4AAF-46A4-3396-42E7845DE75B}"
EndProject
Project("{FAE04EC0-301F-11D3-BF4B-00C04F79EFBC}") = "Assembly-CSharp-Editor", "Assembly-CSharp-Editor.csproj", "{68F6F2B6-5EEE-4E62-1B4E-625C48E70B67}"
EndProject
Global
	GlobalSection(SolutionConfigurationPlatforms) = preSolution
		Debug|Any CPU = Debug|Any CPU
		Release|Any CPU = Release|Any CPU
	EndGlobalSection
	GlobalSection(ProjectConfigurationPlatforms) = postSolution
		{48AC30B6-4AAF-46A4-3396-42E7845DE75B}.Debug|Any CPU.ActiveCfg = Debug|Any CPU
		{48AC30B6-4AAF-46A4-3396-42E7845DE75B}.Debug|Any CPU.Build.0 = Debug|Any CPU
		{48AC30B6-4AAF-46A4-3396-42E7845DE75B}.Release|Any CPU.ActiveCfg = Release|Any CPU
		{48AC30B6-4AAF-46A4-3396-42E7845DE75B}.Release|Any CPU.Build.0 = Release|Any CPU
		{68F6F2B6-5EEE-4E62-1B4E-625C48E70B67}.Debug|Any CPU.ActiveCfg = Debug|Any CPU
		{68F6F2B6-5EEE-4E62-1B4E-625C48E70B67}.Debug|Any CPU.Build.0 = Debug|Any CPU
		{68F6F2B6-5EEE-4E62-1B4E-625C48E70B67}.Release|Any CPU.ActiveCfg = Release|Any CPU
		{68F6F2B6-5EEE-4E62-1B4E-625C48E70B67}.Release|Any CPU.Build.0 = Release|Any CPU
	EndGlobalSection
	GlobalSection(SolutionProperties) = preSolution
		HideSolutionNode = FALSE
	EndGlobalSection
	GlobalSection(MonoDevelopProperties) = preSolution
		StartupItem = Assembly-CSharp.csproj
	EndGlobalSection
EndGlobal
