Microsoft Visual Studio Solution File, Format Version 11.00
# Visual Studio 2010
Project("{FAE04EC0-301F-11D3-BF4B-00C04F79EFBC}") = "Assembly-CSharp", "Assembly-CSharp.csproj", "{0449830F-CBAB-5B53-CE01-3F781C83CF6E}"
EndProject
Project("{FAE04EC0-301F-11D3-BF4B-00C04F79EFBC}") = "Assembly-CSharp-Editor", "Assembly-CSharp-Editor.csproj", "{AC200C92-04D6-7BCC-7267-8E5634B183D7}"
EndProject
Global
	GlobalSection(SolutionConfigurationPlatforms) = preSolution
		Debug|Any CPU = Debug|Any CPU
		Release|Any CPU = Release|Any CPU
	EndGlobalSection
	GlobalSection(ProjectConfigurationPlatforms) = postSolution
		{0449830F-CBAB-5B53-CE01-3F781C83CF6E}.Debug|Any CPU.ActiveCfg = Debug|Any CPU
		{0449830F-CBAB-5B53-CE01-3F781C83CF6E}.Debug|Any CPU.Build.0 = Debug|Any CPU
		{0449830F-CBAB-5B53-CE01-3F781C83CF6E}.Release|Any CPU.ActiveCfg = Release|Any CPU
		{0449830F-CBAB-5B53-CE01-3F781C83CF6E}.Release|Any CPU.Build.0 = Release|Any CPU
		{AC200C92-04D6-7BCC-7267-8E5634B183D7}.Debug|Any CPU.ActiveCfg = Debug|Any CPU
		{AC200C92-04D6-7BCC-7267-8E5634B183D7}.Debug|Any CPU.Build.0 = Debug|Any CPU
		{AC200C92-04D6-7BCC-7267-8E5634B183D7}.Release|Any CPU.ActiveCfg = Release|Any CPU
		{AC200C92-04D6-7BCC-7267-8E5634B183D7}.Release|Any CPU.Build.0 = Release|Any CPU
	EndGlobalSection
	GlobalSection(SolutionProperties) = preSolution
		HideSolutionNode = FALSE
	EndGlobalSection
	GlobalSection(MonoDevelopProperties) = preSolution
		StartupItem = Assembly-CSharp.csproj
	EndGlobalSection
EndGlobal
